// !$*UTF8*$!
{
	archiveVersion = 1;
	classes = {
	};
	objectVersion = 46;
	objects = {

/* Begin PBXBuildFile section */
		DF2466DA1A71FA7B0056190C /* SwiftPlaygroundConverter.xcscheme in Resources */ = {isa = PBXBuildFile; fileRef = DF2466D91A71FA7B0056190C /* SwiftPlaygroundConverter.xcscheme */; };
		DF2466DC1A71FA7B0056190C /* SwiftPlaygroundConverter.swift in Sources */ = {isa = PBXBuildFile; fileRef = DF2466DB1A71FA7B0056190C /* SwiftPlaygroundConverter.swift */; };
		DF2466E51A71FB040056190C /* NSView+Dumping.m in Sources */ = {isa = PBXBuildFile; fileRef = DF2466E41A71FB040056190C /* NSView+Dumping.m */; };
		DF2466E91A71FB1C0056190C /* convert.swift in Sources */ = {isa = PBXBuildFile; fileRef = DF2466E61A71FB1C0056190C /* convert.swift */; };
		DF2466EA1A71FB1C0056190C /* findAllFiles.m in Sources */ = {isa = PBXBuildFile; fileRef = DF2466E81A71FB1C0056190C /* findAllFiles.m */; };
		DF2467151A71FB2A0056190C /* XCKeyBuilder.m in Sources */ = {isa = PBXBuildFile; fileRef = DF2466F11A71FB2A0056190C /* XCKeyBuilder.m */; };
		DF2467161A71FB2A0056190C /* XCAbstractDefinition.m in Sources */ = {isa = PBXBuildFile; fileRef = DF2466F41A71FB2A0056190C /* XCAbstractDefinition.m */; };
		DF2467171A71FB2A0056190C /* XCBuildConfiguration.m in Sources */ = {isa = PBXBuildFile; fileRef = DF2466F61A71FB2A0056190C /* XCBuildConfiguration.m */; };
		DF2467181A71FB2A0056190C /* XCClassDefinition.m in Sources */ = {isa = PBXBuildFile; fileRef = DF2466F81A71FB2A0056190C /* XCClassDefinition.m */; };
		DF2467191A71FB2A0056190C /* XCFileOperationQueue.m in Sources */ = {isa = PBXBuildFile; fileRef = DF2466FA1A71FB2A0056190C /* XCFileOperationQueue.m */; };
		DF24671A1A71FB2A0056190C /* XCFrameworkDefinition.m in Sources */ = {isa = PBXBuildFile; fileRef = DF2466FC1A71FB2A0056190C /* XCFrameworkDefinition.m */; };
		DF24671B1A71FB2A0056190C /* XCGroup.m in Sources */ = {isa = PBXBuildFile; fileRef = DF2466FE1A71FB2A0056190C /* XCGroup.m */; };
		DF24671C1A71FB2A0056190C /* XcodeMemberType.m in Sources */ = {isa = PBXBuildFile; fileRef = DF2467021A71FB2A0056190C /* XcodeMemberType.m */; };
		DF24671D1A71FB2A0056190C /* XcodeSourceFileType.m in Sources */ = {isa = PBXBuildFile; fileRef = DF2467041A71FB2A0056190C /* XcodeSourceFileType.m */; };
		DF24671E1A71FB2A0056190C /* XCProject+SubProject.m in Sources */ = {isa = PBXBuildFile; fileRef = DF2467061A71FB2A0056190C /* XCProject+SubProject.m */; };
		DF24671F1A71FB2A0056190C /* XCProject.m in Sources */ = {isa = PBXBuildFile; fileRef = DF2467081A71FB2A0056190C /* XCProject.m */; };
		DF2467201A71FB2A0056190C /* XCSourceFile.m in Sources */ = {isa = PBXBuildFile; fileRef = DF24670A1A71FB2A0056190C /* XCSourceFile.m */; };
		DF2467211A71FB2A0056190C /* XCSourceFileDefinition.m in Sources */ = {isa = PBXBuildFile; fileRef = DF24670C1A71FB2A0056190C /* XCSourceFileDefinition.m */; };
		DF2467221A71FB2A0056190C /* XCSubProjectDefinition.m in Sources */ = {isa = PBXBuildFile; fileRef = DF24670E1A71FB2A0056190C /* XCSubProjectDefinition.m */; };
		DF2467231A71FB2A0056190C /* XCTarget.m in Sources */ = {isa = PBXBuildFile; fileRef = DF2467101A71FB2A0056190C /* XCTarget.m */; };
		DF2467241A71FB2A0056190C /* XCXibDefinition.m in Sources */ = {isa = PBXBuildFile; fileRef = DF2467121A71FB2A0056190C /* XCXibDefinition.m */; };
/* End PBXBuildFile section */

/* Begin PBXFileReference section */
		DF2466D41A71FA7B0056190C /* SwiftPlaygroundConverter.xcplugin */ = {isa = PBXFileReference; explicitFileType = wrapper.cfbundle; includeInIndex = 0; path = SwiftPlaygroundConverter.xcplugin; sourceTree = BUILT_PRODUCTS_DIR; };
		DF2466D81A71FA7B0056190C /* Info.plist */ = {isa = PBXFileReference; lastKnownFileType = text.plist.xml; path = Info.plist; sourceTree = "<group>"; };
		DF2466D91A71FA7B0056190C /* SwiftPlaygroundConverter.xcscheme */ = {isa = PBXFileReference; lastKnownFileType = text.xml; name = SwiftPlaygroundConverter.xcscheme; path = SwiftPlaygroundConverter.xcodeproj/xcshareddata/xcschemes/SwiftPlaygroundConverter.xcscheme; sourceTree = SOURCE_ROOT; };
		DF2466DB1A71FA7B0056190C /* SwiftPlaygroundConverter.swift */ = {isa = PBXFileReference; lastKnownFileType = sourcecode.swift; path = SwiftPlaygroundConverter.swift; sourceTree = "<group>"; };
		DF2466E21A71FB030056190C /* SwiftPlaygroundConverter-Bridging-Header.h */ = {isa = PBXFileReference; lastKnownFileType = sourcecode.c.h; path = "SwiftPlaygroundConverter-Bridging-Header.h"; sourceTree = "<group>"; };
		DF2466E31A71FB040056190C /* NSView+Dumping.h */ = {isa = PBXFileReference; fileEncoding = 4; lastKnownFileType = sourcecode.c.h; path = "NSView+Dumping.h"; sourceTree = "<group>"; };
		DF2466E41A71FB040056190C /* NSView+Dumping.m */ = {isa = PBXFileReference; fileEncoding = 4; lastKnownFileType = sourcecode.c.objc; path = "NSView+Dumping.m"; sourceTree = "<group>"; };
		DF2466E61A71FB1C0056190C /* convert.swift */ = {isa = PBXFileReference; fileEncoding = 4; lastKnownFileType = sourcecode.swift; path = convert.swift; sourceTree = "<group>"; };
		DF2466E71A71FB1C0056190C /* findAllFiles.h */ = {isa = PBXFileReference; fileEncoding = 4; lastKnownFileType = sourcecode.c.h; path = findAllFiles.h; sourceTree = "<group>"; };
		DF2466E81A71FB1C0056190C /* findAllFiles.m */ = {isa = PBXFileReference; fileEncoding = 4; lastKnownFileType = sourcecode.c.objc; path = findAllFiles.m; sourceTree = "<group>"; };
		DF2466EF1A71FB2A0056190C /* XCEnumUtils.h */ = {isa = PBXFileReference; fileEncoding = 4; lastKnownFileType = sourcecode.c.h; path = XCEnumUtils.h; sourceTree = "<group>"; };
		DF2466F01A71FB2A0056190C /* XCKeyBuilder.h */ = {isa = PBXFileReference; fileEncoding = 4; lastKnownFileType = sourcecode.c.h; path = XCKeyBuilder.h; sourceTree = "<group>"; };
		DF2466F11A71FB2A0056190C /* XCKeyBuilder.m */ = {isa = PBXFileReference; fileEncoding = 4; lastKnownFileType = sourcecode.c.objc; path = XCKeyBuilder.m; sourceTree = "<group>"; };
		DF2466F21A71FB2A0056190C /* XCMemoryUtils.h */ = {isa = PBXFileReference; fileEncoding = 4; lastKnownFileType = sourcecode.c.h; path = XCMemoryUtils.h; sourceTree = "<group>"; };
		DF2466F31A71FB2A0056190C /* XCAbstractDefinition.h */ = {isa = PBXFileReference; fileEncoding = 4; lastKnownFileType = sourcecode.c.h; path = XCAbstractDefinition.h; sourceTree = "<group>"; };
		DF2466F41A71FB2A0056190C /* XCAbstractDefinition.m */ = {isa = PBXFileReference; fileEncoding = 4; lastKnownFileType = sourcecode.c.objc; path = XCAbstractDefinition.m; sourceTree = "<group>"; };
		DF2466F51A71FB2A0056190C /* XCBuildConfiguration.h */ = {isa = PBXFileReference; fileEncoding = 4; lastKnownFileType = sourcecode.c.h; path = XCBuildConfiguration.h; sourceTree = "<group>"; };
		DF2466F61A71FB2A0056190C /* XCBuildConfiguration.m */ = {isa = PBXFileReference; fileEncoding = 4; lastKnownFileType = sourcecode.c.objc; path = XCBuildConfiguration.m; sourceTree = "<group>"; };
		DF2466F71A71FB2A0056190C /* XCClassDefinition.h */ = {isa = PBXFileReference; fileEncoding = 4; lastKnownFileType = sourcecode.c.h; path = XCClassDefinition.h; sourceTree = "<group>"; };
		DF2466F81A71FB2A0056190C /* XCClassDefinition.m */ = {isa = PBXFileReference; fileEncoding = 4; lastKnownFileType = sourcecode.c.objc; path = XCClassDefinition.m; sourceTree = "<group>"; };
		DF2466F91A71FB2A0056190C /* XCFileOperationQueue.h */ = {isa = PBXFileReference; fileEncoding = 4; lastKnownFileType = sourcecode.c.h; path = XCFileOperationQueue.h; sourceTree = "<group>"; };
		DF2466FA1A71FB2A0056190C /* XCFileOperationQueue.m */ = {isa = PBXFileReference; fileEncoding = 4; lastKnownFileType = sourcecode.c.objc; path = XCFileOperationQueue.m; sourceTree = "<group>"; };
		DF2466FB1A71FB2A0056190C /* XCFrameworkDefinition.h */ = {isa = PBXFileReference; fileEncoding = 4; lastKnownFileType = sourcecode.c.h; path = XCFrameworkDefinition.h; sourceTree = "<group>"; };
		DF2466FC1A71FB2A0056190C /* XCFrameworkDefinition.m */ = {isa = PBXFileReference; fileEncoding = 4; lastKnownFileType = sourcecode.c.objc; path = XCFrameworkDefinition.m; sourceTree = "<group>"; };
		DF2466FD1A71FB2A0056190C /* XCGroup.h */ = {isa = PBXFileReference; fileEncoding = 4; lastKnownFileType = sourcecode.c.h; path = XCGroup.h; sourceTree = "<group>"; };
		DF2466FE1A71FB2A0056190C /* XCGroup.m */ = {isa = PBXFileReference; fileEncoding = 4; lastKnownFileType = sourcecode.c.objc; path = XCGroup.m; sourceTree = "<group>"; };
		DF2466FF1A71FB2A0056190C /* XcodeEditor.h */ = {isa = PBXFileReference; fileEncoding = 4; lastKnownFileType = sourcecode.c.h; path = XcodeEditor.h; sourceTree = "<group>"; };
		DF2467001A71FB2A0056190C /* XcodeGroupMember.h */ = {isa = PBXFileReference; fileEncoding = 4; lastKnownFileType = sourcecode.c.h; path = XcodeGroupMember.h; sourceTree = "<group>"; };
		DF2467011A71FB2A0056190C /* XcodeMemberType.h */ = {isa = PBXFileReference; fileEncoding = 4; lastKnownFileType = sourcecode.c.h; path = XcodeMemberType.h; sourceTree = "<group>"; };
		DF2467021A71FB2A0056190C /* XcodeMemberType.m */ = {isa = PBXFileReference; fileEncoding = 4; lastKnownFileType = sourcecode.c.objc; path = XcodeMemberType.m; sourceTree = "<group>"; };
		DF2467031A71FB2A0056190C /* XcodeSourceFileType.h */ = {isa = PBXFileReference; fileEncoding = 4; lastKnownFileType = sourcecode.c.h; path = XcodeSourceFileType.h; sourceTree = "<group>"; };
		DF2467041A71FB2A0056190C /* XcodeSourceFileType.m */ = {isa = PBXFileReference; fileEncoding = 4; lastKnownFileType = sourcecode.c.objc; path = XcodeSourceFileType.m; sourceTree = "<group>"; };
		DF2467051A71FB2A0056190C /* XCProject+SubProject.h */ = {isa = PBXFileReference; fileEncoding = 4; lastKnownFileType = sourcecode.c.h; path = "XCProject+SubProject.h"; sourceTree = "<group>"; };
		DF2467061A71FB2A0056190C /* XCProject+SubProject.m */ = {isa = PBXFileReference; fileEncoding = 4; lastKnownFileType = sourcecode.c.objc; path = "XCProject+SubProject.m"; sourceTree = "<group>"; };
		DF2467071A71FB2A0056190C /* XCProject.h */ = {isa = PBXFileReference; fileEncoding = 4; lastKnownFileType = sourcecode.c.h; path = XCProject.h; sourceTree = "<group>"; };
		DF2467081A71FB2A0056190C /* XCProject.m */ = {isa = PBXFileReference; fileEncoding = 4; lastKnownFileType = sourcecode.c.objc; path = XCProject.m; sourceTree = "<group>"; };
		DF2467091A71FB2A0056190C /* XCSourceFile.h */ = {isa = PBXFileReference; fileEncoding = 4; lastKnownFileType = sourcecode.c.h; path = XCSourceFile.h; sourceTree = "<group>"; };
		DF24670A1A71FB2A0056190C /* XCSourceFile.m */ = {isa = PBXFileReference; fileEncoding = 4; lastKnownFileType = sourcecode.c.objc; path = XCSourceFile.m; sourceTree = "<group>"; };
		DF24670B1A71FB2A0056190C /* XCSourceFileDefinition.h */ = {isa = PBXFileReference; fileEncoding = 4; lastKnownFileType = sourcecode.c.h; path = XCSourceFileDefinition.h; sourceTree = "<group>"; };
		DF24670C1A71FB2A0056190C /* XCSourceFileDefinition.m */ = {isa = PBXFileReference; fileEncoding = 4; lastKnownFileType = sourcecode.c.objc; path = XCSourceFileDefinition.m; sourceTree = "<group>"; };
		DF24670D1A71FB2A0056190C /* XCSubProjectDefinition.h */ = {isa = PBXFileReference; fileEncoding = 4; lastKnownFileType = sourcecode.c.h; path = XCSubProjectDefinition.h; sourceTree = "<group>"; };
		DF24670E1A71FB2A0056190C /* XCSubProjectDefinition.m */ = {isa = PBXFileReference; fileEncoding = 4; lastKnownFileType = sourcecode.c.objc; path = XCSubProjectDefinition.m; sourceTree = "<group>"; };
		DF24670F1A71FB2A0056190C /* XCTarget.h */ = {isa = PBXFileReference; fileEncoding = 4; lastKnownFileType = sourcecode.c.h; path = XCTarget.h; sourceTree = "<group>"; };
		DF2467101A71FB2A0056190C /* XCTarget.m */ = {isa = PBXFileReference; fileEncoding = 4; lastKnownFileType = sourcecode.c.objc; path = XCTarget.m; sourceTree = "<group>"; };
		DF2467111A71FB2A0056190C /* XCXibDefinition.h */ = {isa = PBXFileReference; fileEncoding = 4; lastKnownFileType = sourcecode.c.h; path = XCXibDefinition.h; sourceTree = "<group>"; };
		DF2467121A71FB2A0056190C /* XCXibDefinition.m */ = {isa = PBXFileReference; fileEncoding = 4; lastKnownFileType = sourcecode.c.objc; path = XCXibDefinition.m; sourceTree = "<group>"; };
/* End PBXFileReference section */

/* Begin PBXGroup section */
		DF2466CC1A71FA7B0056190C = {
			isa = PBXGroup;
			children = (
				DF2466D61A71FA7B0056190C /* SwiftPlaygroundConverter */,
				DF2466D51A71FA7B0056190C /* Products */,
			);
			sourceTree = "<group>";
		};
		DF2466D51A71FA7B0056190C /* Products */ = {
			isa = PBXGroup;
			children = (
				DF2466D41A71FA7B0056190C /* SwiftPlaygroundConverter.xcplugin */,
			);
			name = Products;
			sourceTree = "<group>";
		};
		DF2466D61A71FA7B0056190C /* SwiftPlaygroundConverter */ = {
			isa = PBXGroup;
			children = (
				DF2466DB1A71FA7B0056190C /* SwiftPlaygroundConverter.swift */,
				DF2466E61A71FB1C0056190C /* convert.swift */,
				DF2466E71A71FB1C0056190C /* findAllFiles.h */,
				DF2466E81A71FB1C0056190C /* findAllFiles.m */,
				DF2466D71A71FA7B0056190C /* Supporting Files */,
				DF2466EB1A71FB2A0056190C /* XcodeEditor */,
			);
			path = SwiftPlaygroundConverter;
			sourceTree = "<group>";
		};
		DF2466D71A71FA7B0056190C /* Supporting Files */ = {
			isa = PBXGroup;
			children = (
				DF2466E31A71FB040056190C /* NSView+Dumping.h */,
				DF2466E41A71FB040056190C /* NSView+Dumping.m */,
				DF2466D81A71FA7B0056190C /* Info.plist */,
				DF2466D91A71FA7B0056190C /* SwiftPlaygroundConverter.xcscheme */,
				DF2466E21A71FB030056190C /* SwiftPlaygroundConverter-Bridging-Header.h */,
			);
			name = "Supporting Files";
			sourceTree = "<group>";
		};
		DF2466EB1A71FB2A0056190C /* XcodeEditor */ = {
			isa = PBXGroup;
			children = (
				DF2466EE1A71FB2A0056190C /* Utils */,
				DF2466F31A71FB2A0056190C /* XCAbstractDefinition.h */,
				DF2466F41A71FB2A0056190C /* XCAbstractDefinition.m */,
				DF2466F51A71FB2A0056190C /* XCBuildConfiguration.h */,
				DF2466F61A71FB2A0056190C /* XCBuildConfiguration.m */,
				DF2466F71A71FB2A0056190C /* XCClassDefinition.h */,
				DF2466F81A71FB2A0056190C /* XCClassDefinition.m */,
				DF2466F91A71FB2A0056190C /* XCFileOperationQueue.h */,
				DF2466FA1A71FB2A0056190C /* XCFileOperationQueue.m */,
				DF2466FB1A71FB2A0056190C /* XCFrameworkDefinition.h */,
				DF2466FC1A71FB2A0056190C /* XCFrameworkDefinition.m */,
				DF2466FD1A71FB2A0056190C /* XCGroup.h */,
				DF2466FE1A71FB2A0056190C /* XCGroup.m */,
				DF2466FF1A71FB2A0056190C /* XcodeEditor.h */,
				DF2467001A71FB2A0056190C /* XcodeGroupMember.h */,
				DF2467011A71FB2A0056190C /* XcodeMemberType.h */,
				DF2467021A71FB2A0056190C /* XcodeMemberType.m */,
				DF2467031A71FB2A0056190C /* XcodeSourceFileType.h */,
				DF2467041A71FB2A0056190C /* XcodeSourceFileType.m */,
				DF2467051A71FB2A0056190C /* XCProject+SubProject.h */,
				DF2467061A71FB2A0056190C /* XCProject+SubProject.m */,
				DF2467071A71FB2A0056190C /* XCProject.h */,
				DF2467081A71FB2A0056190C /* XCProject.m */,
				DF2467091A71FB2A0056190C /* XCSourceFile.h */,
				DF24670A1A71FB2A0056190C /* XCSourceFile.m */,
				DF24670B1A71FB2A0056190C /* XCSourceFileDefinition.h */,
				DF24670C1A71FB2A0056190C /* XCSourceFileDefinition.m */,
				DF24670D1A71FB2A0056190C /* XCSubProjectDefinition.h */,
				DF24670E1A71FB2A0056190C /* XCSubProjectDefinition.m */,
				DF24670F1A71FB2A0056190C /* XCTarget.h */,
				DF2467101A71FB2A0056190C /* XCTarget.m */,
				DF2467111A71FB2A0056190C /* XCXibDefinition.h */,
				DF2467121A71FB2A0056190C /* XCXibDefinition.m */,
			);
			path = XcodeEditor;
			sourceTree = SOURCE_ROOT;
		};
		DF2466EE1A71FB2A0056190C /* Utils */ = {
			isa = PBXGroup;
			children = (
				DF2466EF1A71FB2A0056190C /* XCEnumUtils.h */,
				DF2466F01A71FB2A0056190C /* XCKeyBuilder.h */,
				DF2466F11A71FB2A0056190C /* XCKeyBuilder.m */,
				DF2466F21A71FB2A0056190C /* XCMemoryUtils.h */,
			);
			path = Utils;
			sourceTree = "<group>";
		};
/* End PBXGroup section */

/* Begin PBXNativeTarget section */
		DF2466D31A71FA7B0056190C /* SwiftPlaygroundConverter */ = {
			isa = PBXNativeTarget;
			buildConfigurationList = DF2466DF1A71FA7B0056190C /* Build configuration list for PBXNativeTarget "SwiftPlaygroundConverter" */;
			buildPhases = (
				DF2466D11A71FA7B0056190C /* Sources */,
				DF2466D21A71FA7B0056190C /* Resources */,
			);
			buildRules = (
			);
			dependencies = (
			);
			name = SwiftPlaygroundConverter;
			productName = SwiftPlaygroundConverter;
			productReference = DF2466D41A71FA7B0056190C /* SwiftPlaygroundConverter.xcplugin */;
			productType = "com.apple.product-type.bundle";
		};
/* End PBXNativeTarget section */

/* Begin PBXProject section */
		DF2466CD1A71FA7B0056190C /* Project object */ = {
			isa = PBXProject;
			attributes = {
				LastUpgradeCheck = 0610;
				ORGANIZATIONNAME = "___SLIGHTECH___";
				TargetAttributes = {
					DF2466D31A71FA7B0056190C = {
						CreatedOnToolsVersion = 6.1;
					};
				};
			};
			buildConfigurationList = DF2466D01A71FA7B0056190C /* Build configuration list for PBXProject "SwiftPlaygroundConverter" */;
			compatibilityVersion = "Xcode 3.2";
			developmentRegion = English;
			hasScannedForEncodings = 0;
			knownRegions = (
				en,
			);
			mainGroup = DF2466CC1A71FA7B0056190C;
			productRefGroup = DF2466D51A71FA7B0056190C /* Products */;
			projectDirPath = "";
			projectRoot = "";
			targets = (
				DF2466D31A71FA7B0056190C /* SwiftPlaygroundConverter */,
			);
		};
/* End PBXProject section */

/* Begin PBXResourcesBuildPhase section */
		DF2466D21A71FA7B0056190C /* Resources */ = {
			isa = PBXResourcesBuildPhase;
			buildActionMask = 2147483647;
			files = (
				DF2466DA1A71FA7B0056190C /* SwiftPlaygroundConverter.xcscheme in Resources */,
			);
			runOnlyForDeploymentPostprocessing = 0;
		};
/* End PBXResourcesBuildPhase section */

/* Begin PBXSourcesBuildPhase section */
		DF2466D11A71FA7B0056190C /* Sources */ = {
			isa = PBXSourcesBuildPhase;
			buildActionMask = 2147483647;
			files = (
				DF2467221A71FB2A0056190C /* XCSubProjectDefinition.m in Sources */,
				DF2467151A71FB2A0056190C /* XCKeyBuilder.m in Sources */,
				DF2467201A71FB2A0056190C /* XCSourceFile.m in Sources */,
				DF2466E51A71FB040056190C /* NSView+Dumping.m in Sources */,
				DF2467191A71FB2A0056190C /* XCFileOperationQueue.m in Sources */,
				DF24671C1A71FB2A0056190C /* XcodeMemberType.m in Sources */,
				DF2467181A71FB2A0056190C /* XCClassDefinition.m in Sources */,
				DF24671E1A71FB2A0056190C /* XCProject+SubProject.m in Sources */,
				DF2466DC1A71FA7B0056190C /* SwiftPlaygroundConverter.swift in Sources */,
				DF2467211A71FB2A0056190C /* XCSourceFileDefinition.m in Sources */,
				DF2467241A71FB2A0056190C /* XCXibDefinition.m in Sources */,
				DF2467161A71FB2A0056190C /* XCAbstractDefinition.m in Sources */,
				DF24671F1A71FB2A0056190C /* XCProject.m in Sources */,
				DF2467171A71FB2A0056190C /* XCBuildConfiguration.m in Sources */,
				DF24671B1A71FB2A0056190C /* XCGroup.m in Sources */,
				DF2466EA1A71FB1C0056190C /* findAllFiles.m in Sources */,
				DF24671A1A71FB2A0056190C /* XCFrameworkDefinition.m in Sources */,
				DF24671D1A71FB2A0056190C /* XcodeSourceFileType.m in Sources */,
				DF2466E91A71FB1C0056190C /* convert.swift in Sources */,
				DF2467231A71FB2A0056190C /* XCTarget.m in Sources */,
			);
			runOnlyForDeploymentPostprocessing = 0;
		};
/* End PBXSourcesBuildPhase section */

/* Begin XCBuildConfiguration section */
		DF2466DD1A71FA7B0056190C /* Debug */ = {
			isa = XCBuildConfiguration;
			buildSettings = {
				ALWAYS_SEARCH_USER_PATHS = NO;
				CLANG_CXX_LANGUAGE_STANDARD = "gnu++0x";
				CLANG_CXX_LIBRARY = "libc++";
				CLANG_ENABLE_MODULES = YES;
				CLANG_ENABLE_OBJC_ARC = YES;
				CLANG_WARN_BOOL_CONVERSION = YES;
				CLANG_WARN_CONSTANT_CONVERSION = YES;
				CLANG_WARN_DIRECT_OBJC_ISA_USAGE = YES_ERROR;
				CLANG_WARN_EMPTY_BODY = YES;
				CLANG_WARN_ENUM_CONVERSION = YES;
				CLANG_WARN_INT_CONVERSION = YES;
				CLANG_WARN_OBJC_ROOT_CLASS = YES_ERROR;
				CLANG_WARN_UNREACHABLE_CODE = YES;
				CLANG_WARN__DUPLICATE_METHOD_MATCH = YES;
				COPY_PHASE_STRIP = NO;
				ENABLE_STRICT_OBJC_MSGSEND = YES;
				GCC_C_LANGUAGE_STANDARD = gnu99;
				GCC_DYNAMIC_NO_PIC = NO;
				GCC_OPTIMIZATION_LEVEL = 0;
				GCC_PREPROCESSOR_DEFINITIONS = (
					"DEBUG=1",
					"$(inherited)",
				);
				GCC_SYMBOLS_PRIVATE_EXTERN = NO;
				GCC_WARN_64_TO_32_BIT_CONVERSION = YES;
				GCC_WARN_ABOUT_RETURN_TYPE = YES_ERROR;
				GCC_WARN_UNDECLARED_SELECTOR = YES;
				GCC_WARN_UNINITIALIZED_AUTOS = YES_AGGRESSIVE;
				GCC_WARN_UNUSED_FUNCTION = YES;
				GCC_WARN_UNUSED_VARIABLE = YES;
				MTL_ENABLE_DEBUG_INFO = YES;
				ONLY_ACTIVE_ARCH = YES;
			};
			name = Debug;
		};
		DF2466DE1A71FA7B0056190C /* Release */ = {
			isa = XCBuildConfiguration;
			buildSettings = {
				ALWAYS_SEARCH_USER_PATHS = NO;
				CLANG_CXX_LANGUAGE_STANDARD = "gnu++0x";
				CLANG_CXX_LIBRARY = "libc++";
				CLANG_ENABLE_MODULES = YES;
				CLANG_ENABLE_OBJC_ARC = YES;
				CLANG_WARN_BOOL_CONVERSION = YES;
				CLANG_WARN_CONSTANT_CONVERSION = YES;
				CLANG_WARN_DIRECT_OBJC_ISA_USAGE = YES_ERROR;
				CLANG_WARN_EMPTY_BODY = YES;
				CLANG_WARN_ENUM_CONVERSION = YES;
				CLANG_WARN_INT_CONVERSION = YES;
				CLANG_WARN_OBJC_ROOT_CLASS = YES_ERROR;
				CLANG_WARN_UNREACHABLE_CODE = YES;
				CLANG_WARN__DUPLICATE_METHOD_MATCH = YES;
				COPY_PHASE_STRIP = YES;
				ENABLE_NS_ASSERTIONS = NO;
				ENABLE_STRICT_OBJC_MSGSEND = YES;
				GCC_C_LANGUAGE_STANDARD = gnu99;
				GCC_WARN_64_TO_32_BIT_CONVERSION = YES;
				GCC_WARN_ABOUT_RETURN_TYPE = YES_ERROR;
				GCC_WARN_UNDECLARED_SELECTOR = YES;
				GCC_WARN_UNINITIALIZED_AUTOS = YES_AGGRESSIVE;
				GCC_WARN_UNUSED_FUNCTION = YES;
				GCC_WARN_UNUSED_VARIABLE = YES;
				MTL_ENABLE_DEBUG_INFO = NO;
			};
			name = Release;
		};
		DF2466E01A71FA7B0056190C /* Debug */ = {
			isa = XCBuildConfiguration;
			buildSettings = {
				CLANG_ENABLE_MODULES = YES;
				COMBINE_HIDPI_IMAGES = YES;
				DEPLOYMENT_LOCATION = YES;
				DSTROOT = "$(HOME)";
				EMBEDDED_CONTENT_CONTAINS_SWIFT = YES;
				INFOPLIST_FILE = SwiftPlaygroundConverter/Info.plist;
				INSTALL_PATH = "/Library/Application Support/Developer/Shared/Xcode/Plug-ins";
				LD_RUNPATH_SEARCH_PATHS = "$(DT_TOOLCHAIN_DIR)/usr/lib/swift/macosx";
				MACOSX_DEPLOYMENT_TARGET = 10.10;
				PRODUCT_NAME = "$(TARGET_NAME)";
				SWIFT_OBJC_BRIDGING_HEADER = "SwiftPlaygroundConverter/SwiftPlaygroundConverter-Bridging-Header.h";
				SWIFT_OPTIMIZATION_LEVEL = "-Onone";
				WRAPPER_EXTENSION = xcplugin;
			};
			name = Debug;
		};
		DF2466E11A71FA7B0056190C /* Release */ = {
			isa = XCBuildConfiguration;
			buildSettings = {
				CLANG_ENABLE_MODULES = YES;
				COMBINE_HIDPI_IMAGES = YES;
				DEPLOYMENT_LOCATION = YES;
				DSTROOT = "$(HOME)";
				EMBEDDED_CONTENT_CONTAINS_SWIFT = YES;
				INFOPLIST_FILE = SwiftPlaygroundConverter/Info.plist;
				INSTALL_PATH = "/Library/Application Support/Developer/Shared/Xcode/Plug-ins";
				LD_RUNPATH_SEARCH_PATHS = "$(DT_TOOLCHAIN_DIR)/usr/lib/swift/macosx";
				MACOSX_DEPLOYMENT_TARGET = 10.10;
				PRODUCT_NAME = "$(TARGET_NAME)";
				SWIFT_OBJC_BRIDGING_HEADER = "SwiftPlaygroundConverter/SwiftPlaygroundConverter-Bridging-Header.h";
				WRAPPER_EXTENSION = xcplugin;
			};
			name = Release;
		};
/* End XCBuildConfiguration section */

/* Begin XCConfigurationList section */
		DF2466D01A71FA7B0056190C /* Build configuration list for PBXProject "SwiftPlaygroundConverter" */ = {
			isa = XCConfigurationList;
			buildConfigurations = (
				DF2466DD1A71FA7B0056190C /* Debug */,
				DF2466DE1A71FA7B0056190C /* Release */,
			);
			defaultConfigurationIsVisible = 0;
			defaultConfigurationName = Release;
		};
		DF2466DF1A71FA7B0056190C /* Build configuration list for PBXNativeTarget "SwiftPlaygroundConverter" */ = {
			isa = XCConfigurationList;
			buildConfigurations = (
				DF2466E01A71FA7B0056190C /* Debug */,
				DF2466E11A71FA7B0056190C /* Release */,
			);
			defaultConfigurationIsVisible = 0;
			defaultConfigurationName = Release;
		};
/* End XCConfigurationList section */
	};
	rootObject = DF2466CD1A71FA7B0056190C /* Project object */;
}
